
Microsoft Visual Studio Solution File, Format Version 12.00
# Visual Studio 15
VisualStudioVersion = 15.0.27004.2002
MinimumVisualStudioVersion = 10.0.40219.1
Project("{FAE04EC0-301F-11D3-BF4B-00C04F79EFBC}") = "Program", "Program\Program.csproj", "{0F89E2D0-51F1-430C-8926-D400D2F7DF3A}"
EndProject
Global
	GlobalSection(SolutionConfigurationPlatforms) = preSolution
		Debug|Any CPU = Debug|Any CPU
		Release|Any CPU = Release|Any CPU
	EndGlobalSection
	GlobalSection(ProjectConfigurationPlatforms) = postSolution
		{0F89E2D0-51F1-430C-8926-D400D2F7DF3A}.Debug|Any CPU.ActiveCfg = Debug|Any CPU
		{0F89E2D0-51F1-430C-8926-D400D2F7DF3A}.Debug|Any CPU.Build.0 = Debug|Any CPU
		{0F89E2D0-51F1-430C-8926-D400D2F7DF3A}.Release|Any CPU.ActiveCfg = Release|Any CPU
		{0F89E2D0-51F1-430C-8926-D400D2F7DF3A}.Release|Any CPU.Build.0 = Release|Any CPU
	EndGlobalSection
	GlobalSection(SolutionProperties) = preSolution
		HideSolutionNode = FALSE
	EndGlobalSection
	GlobalSection(ExtensibilityGlobals) = postSolution
		SolutionGuid = {8119BED1-7B77-4A7B-831C-8111F38F39C7}
	EndGlobalSection
EndGlobal
